Microsoft Visual Studio Solution File, Format Version 12.00
# Visual Studio Version 17
VisualStudioVersion = 17.13.35913.81
MinimumVisualStudioVersion = 10.0.40219.1
Project("{54A90642-561A-4BB1-A94E-469ADEE60C69}") = "productmanagement.client", "productmanagement.client\productmanagement.client.esproj", "{44255735-45D6-9931-0342-842124E974DA}"
EndProject
Project("{FAE04EC0-301F-11D3-BF4B-00C04F79EFBC}") = "ProductManagement.API", "ProductManagement.Server\ProductManagement.API\ProductManagement.API.csproj", "{65A8322A-7E4A-403D-85AB-2EB6A9224DBF}"
EndProject
Project("{FAE04EC0-301F-11D3-BF4B-00C04F79EFBC}") = "ProductManagement.Domain", "ProductManagement.Server\ProductManagement.Domain\ProductManagement.Domain.csproj", "{EA036823-06FE-48E2-A2A9-02CE4A40807C}"
EndProject
Project("{FAE04EC0-301F-11D3-BF4B-00C04F79EFBC}") = "ProductManagement.Infrastructure", "ProductManagement.Server\ProductManagement.Infrastructure\ProductManagement.Infrastructure.csproj", "{962765C6-0AB9-443B-A11E-5355B6E496C0}"
EndProject
Project("{FAE04EC0-301F-11D3-BF4B-00C04F79EFBC}") = "ProductManagement.Persistence", "ProductManagement.Server\ProductManagement.Persistence\ProductManagement.Persistence.csproj", "{2EA25D9B-E98A-46EA-9E99-AE18750B240D}"
EndProject
Project("{FAE04EC0-301F-11D3-BF4B-00C04F79EFBC}") = "ProductManagement.Identity", "ProductManagement.Server\ProductManagement.Identity\ProductManagement.Identity.csproj", "{E6BF2DA6-FBCF-4CFB-BE2B-DCD35C8E39AC}"
EndProject
Project("{FAE04EC0-301F-11D3-BF4B-00C04F79EFBC}") = "ProductManagement.Application", "ProductManagement.Server\ProductManagement.Application\ProductManagement.Application.csproj", "{80077B73-D6F6-48FF-A375-99A8EB868BC1}"
EndProject
Project("{FAE04EC0-301F-11D3-BF4B-00C04F79EFBC}") = "ProductManagement.Tests", "ProductManagement.Server\ProductManagement.Tests\ProductManagement.Tests.csproj", "{B695F40E-5F2B-4B9A-9674-759235DE8626}"
EndProject
Project("{2150E333-8FDC-42A3-9474-1A3956D46DE8}") = "Solution Items", "Solution Items", "{8EC462FD-D22E-90A8-E5CE-7E832BA40C5D}"
EndProject
Global
	GlobalSection(SolutionConfigurationPlatforms) = preSolution
		Debug|Any CPU = Debug|Any CPU
		Release|Any CPU = Release|Any CPU
	EndGlobalSection
	GlobalSection(ProjectConfigurationPlatforms) = postSolution
		{44255735-45D6-9931-0342-842124E974DA}.Debug|Any CPU.ActiveCfg = Debug|Any CPU
		{44255735-45D6-9931-0342-842124E974DA}.Debug|Any CPU.Build.0 = Debug|Any CPU
		{44255735-45D6-9931-0342-842124E974DA}.Debug|Any CPU.Deploy.0 = Debug|Any CPU
		{44255735-45D6-9931-0342-842124E974DA}.Release|Any CPU.ActiveCfg = Release|Any CPU
		{44255735-45D6-9931-0342-842124E974DA}.Release|Any CPU.Build.0 = Release|Any CPU
		{44255735-45D6-9931-0342-842124E974DA}.Release|Any CPU.Deploy.0 = Release|Any CPU
		{65A8322A-7E4A-403D-85AB-2EB6A9224DBF}.Debug|Any CPU.ActiveCfg = Debug|Any CPU
		{65A8322A-7E4A-403D-85AB-2EB6A9224DBF}.Debug|Any CPU.Build.0 = Debug|Any CPU
		{65A8322A-7E4A-403D-85AB-2EB6A9224DBF}.Release|Any CPU.ActiveCfg = Release|Any CPU
		{65A8322A-7E4A-403D-85AB-2EB6A9224DBF}.Release|Any CPU.Build.0 = Release|Any CPU
		{EA036823-06FE-48E2-A2A9-02CE4A40807C}.Debug|Any CPU.ActiveCfg = Debug|Any CPU
		{EA036823-06FE-48E2-A2A9-02CE4A40807C}.Debug|Any CPU.Build.0 = Debug|Any CPU
		{EA036823-06FE-48E2-A2A9-02CE4A40807C}.Release|Any CPU.ActiveCfg = Release|Any CPU
		{EA036823-06FE-48E2-A2A9-02CE4A40807C}.Release|Any CPU.Build.0 = Release|Any CPU
		{962765C6-0AB9-443B-A11E-5355B6E496C0}.Debug|Any CPU.ActiveCfg = Debug|Any CPU
		{962765C6-0AB9-443B-A11E-5355B6E496C0}.Debug|Any CPU.Build.0 = Debug|Any CPU
		{962765C6-0AB9-443B-A11E-5355B6E496C0}.Release|Any CPU.ActiveCfg = Release|Any CPU
		{962765C6-0AB9-443B-A11E-5355B6E496C0}.Release|Any CPU.Build.0 = Release|Any CPU
		{2EA25D9B-E98A-46EA-9E99-AE18750B240D}.Debug|Any CPU.ActiveCfg = Debug|Any CPU
		{2EA25D9B-E98A-46EA-9E99-AE18750B240D}.Debug|Any CPU.Build.0 = Debug|Any CPU
		{2EA25D9B-E98A-46EA-9E99-AE18750B240D}.Release|Any CPU.ActiveCfg = Release|Any CPU
		{2EA25D9B-E98A-46EA-9E99-AE18750B240D}.Release|Any CPU.Build.0 = Release|Any CPU
		{E6BF2DA6-FBCF-4CFB-BE2B-DCD35C8E39AC}.Debug|Any CPU.ActiveCfg = Debug|Any CPU
		{E6BF2DA6-FBCF-4CFB-BE2B-DCD35C8E39AC}.Debug|Any CPU.Build.0 = Debug|Any CPU
		{E6BF2DA6-FBCF-4CFB-BE2B-DCD35C8E39AC}.Release|Any CPU.ActiveCfg = Release|Any CPU
		{E6BF2DA6-FBCF-4CFB-BE2B-DCD35C8E39AC}.Release|Any CPU.Build.0 = Release|Any CPU
		{80077B73-D6F6-48FF-A375-99A8EB868BC1}.Debug|Any CPU.ActiveCfg = Debug|Any CPU
		{80077B73-D6F6-48FF-A375-99A8EB868BC1}.Debug|Any CPU.Build.0 = Debug|Any CPU
		{80077B73-D6F6-48FF-A375-99A8EB868BC1}.Release|Any CPU.ActiveCfg = Release|Any CPU
		{80077B73-D6F6-48FF-A375-99A8EB868BC1}.Release|Any CPU.Build.0 = Release|Any CPU
		{B695F40E-5F2B-4B9A-9674-759235DE8626}.Debug|Any CPU.ActiveCfg = Debug|Any CPU
		{B695F40E-5F2B-4B9A-9674-759235DE8626}.Debug|Any CPU.Build.0 = Debug|Any CPU
		{B695F40E-5F2B-4B9A-9674-759235DE8626}.Release|Any CPU.ActiveCfg = Release|Any CPU
		{B695F40E-5F2B-4B9A-9674-759235DE8626}.Release|Any CPU.Build.0 = Release|Any CPU
	EndGlobalSection
	GlobalSection(SolutionProperties) = preSolution
		HideSolutionNode = FALSE
	EndGlobalSection
	GlobalSection(ExtensibilityGlobals) = postSolution
		SolutionGuid = {B695F40E-5F2B-4B9A-9674-759235DE8625}
	EndGlobalSection
EndGlobal
